
Microsoft Visual Studio Solution File, Format Version 12.00
# Visual Studio Version 17
VisualStudioVersion = 17.13.35919.96
MinimumVisualStudioVersion = 10.0.40219.1
Project("{FAE04EC0-301F-11D3-BF4B-00C04F79EFBC}") = "ToDoTask", "ToDoTask.csproj", "{6A99A377-EB8A-45AF-BE97-C202EB9C185A}"
EndProject
Global
	GlobalSection(SolutionConfigurationPlatforms) = preSolution
		Debug|Any CPU = Debug|Any CPU
		Release|Any CPU = Release|Any CPU
	EndGlobalSection
	GlobalSection(ProjectConfigurationPlatforms) = postSolution
		{6A99A377-EB8A-45AF-BE97-C202EB9C185A}.Debug|Any CPU.ActiveCfg = Debug|Any CPU
		{6A99A377-EB8A-45AF-BE97-C202EB9C185A}.Debug|Any CPU.Build.0 = Debug|Any CPU
		{6A99A377-EB8A-45AF-BE97-C202EB9C185A}.Release|Any CPU.ActiveCfg = Release|Any CPU
		{6A99A377-EB8A-45AF-BE97-C202EB9C185A}.Release|Any CPU.Build.0 = Release|Any CPU
	EndGlobalSection
	GlobalSection(SolutionProperties) = preSolution
		HideSolutionNode = FALSE
	EndGlobalSection
	GlobalSection(ExtensibilityGlobals) = postSolution
		SolutionGuid = {C0682CB1-E89A-4861-805C-317454473832}
	EndGlobalSection
EndGlobal
